
Microsoft Visual Studio Solution File, Format Version 12.00
# Visual Studio Version 17
VisualStudioVersion = 17.13.35913.81 d17.13
MinimumVisualStudioVersion = 10.0.40219.1
Project("{FAE04EC0-301F-11D3-BF4B-00C04F79EFBC}") = "SmartBar.API", "SmartBar.API.csproj", "{F229995E-7900-4325-A64F-BC275327590C}"
EndProject
Global
	GlobalSection(SolutionConfigurationPlatforms) = preSolution
		Debug|Any CPU = Debug|Any CPU
		Release|Any CPU = Release|Any CPU
	EndGlobalSection
	GlobalSection(ProjectConfigurationPlatforms) = postSolution
		{F229995E-7900-4325-A64F-BC275327590C}.Debug|Any CPU.ActiveCfg = Debug|Any CPU
		{F229995E-7900-4325-A64F-BC275327590C}.Debug|Any CPU.Build.0 = Debug|Any CPU
		{F229995E-7900-4325-A64F-BC275327590C}.Release|Any CPU.ActiveCfg = Release|Any CPU
		{F229995E-7900-4325-A64F-BC275327590C}.Release|Any CPU.Build.0 = Release|Any CPU
	EndGlobalSection
	GlobalSection(SolutionProperties) = preSolution
		HideSolutionNode = FALSE
	EndGlobalSection
	GlobalSection(ExtensibilityGlobals) = postSolution
		SolutionGuid = {F0A47746-DA67-4893-843D-9602F5DE127C}
	EndGlobalSection
EndGlobal
